// !$*UTF8*$!
{
	archiveVersion = 1;
	classes = {
	};
	objectVersion = 50;
	objects = {

/* Begin PBXBuildFile section */
		17D5EDA92225ED40007CB15C /* AppDelegate.swift in Sources */ = {isa = PBXBuildFile; fileRef = 17D5EDA82225ED40007CB15C /* AppDelegate.swift */; };
		17D5EDAB2225ED40007CB15C /* ViewController.swift in Sources */ = {isa = PBXBuildFile; fileRef = 17D5EDAA2225ED40007CB15C /* ViewController.swift */; };
		17D5EDAE2225ED40007CB15C /* Main.storyboard in Resources */ = {isa = PBXBuildFile; fileRef = 17D5EDAC2225ED40007CB15C /* Main.storyboard */; };
		17D5EDB02225ED41007CB15C /* Assets.xcassets in Resources */ = {isa = PBXBuildFile; fileRef = 17D5EDAF2225ED41007CB15C /* Assets.xcassets */; };
		17D5EDB32225ED41007CB15C /* LaunchScreen.storyboard in Resources */ = {isa = PBXBuildFile; fileRef = 17D5EDB12225ED41007CB15C /* LaunchScreen.storyboard */; };
		17D5EDBE2225ED41007CB15C /* Size_ClassesTests.swift in Sources */ = {isa = PBXBuildFile; fileRef = 17D5EDBD2225ED41007CB15C /* Size_ClassesTests.swift */; };
/* End PBXBuildFile section */

/* Begin PBXContainerItemProxy section */
		17D5EDBA2225ED41007CB15C /* PBXContainerItemProxy */ = {
			isa = PBXContainerItemProxy;
			containerPortal = 17D5ED9D2225ED40007CB15C /* Project object */;
			proxyType = 1;
			remoteGlobalIDString = 17D5EDA42225ED40007CB15C;
			remoteInfo = "Size Classes";
		};
/* End PBXContainerItemProxy section */

/* Begin PBXFileReference section */
		17D5EDA52225ED40007CB15C /* Size Classes.app */ = {isa = PBXFileReference; explicitFileType = wrapper.application; includeInIndex = 0; path = "Size Classes.app"; sourceTree = BUILT_PRODUCTS_DIR; };
		17D5EDA82225ED40007CB15C /* AppDelegate.swift */ = {isa = PBXFileReference; lastKnownFileType = sourcecode.swift; path = AppDelegate.swift; sourceTree = "<group>"; };
		17D5EDAA2225ED40007CB15C /* ViewController.swift */ = {isa = PBXFileReference; lastKnownFileType = sourcecode.swift; path = ViewController.swift; sourceTree = "<group>"; };
		17D5EDAD2225ED40007CB15C /* Base */ = {isa = PBXFileReference; lastKnownFileType = file.storyboard; name = Base; path = Base.lproj/Main.storyboard; sourceTree = "<group>"; };
		17D5EDAF2225ED41007CB15C /* Assets.xcassets */ = {isa = PBXFileReference; lastKnownFileType = folder.assetcatalog; path = Assets.xcassets; sourceTree = "<group>"; };
		17D5EDB22225ED41007CB15C /* Base */ = {isa = PBXFileReference; lastKnownFileType = file.storyboard; name = Base; path = Base.lproj/LaunchScreen.storyboard; sourceTree = "<group>"; };
		17D5EDB42225ED41007CB15C /* Info.plist */ = {isa = PBXFileReference; lastKnownFileType = text.plist.xml; path = Info.plist; sourceTree = "<group>"; };
		17D5EDB92225ED41007CB15C /* Size ClassesTests.xctest */ = {isa = PBXFileReference; explicitFileType = wrapper.cfbundle; includeInIndex = 0; path = "Size ClassesTests.xctest"; sourceTree = BUILT_PRODUCTS_DIR; };
		17D5EDBD2225ED41007CB15C /* Size_ClassesTests.swift */ = {isa = PBXFileReference; lastKnownFileType = sourcecode.swift; path = Size_ClassesTests.swift; sourceTree = "<group>"; };
		17D5EDBF2225ED41007CB15C /* Info.plist */ = {isa = PBXFileReference; lastKnownFileType = text.plist.xml; path = Info.plist; sourceTree = "<group>"; };
/* End PBXFileReference section */

/* Begin PBXFrameworksBuildPhase section */
		17D5EDA22225ED40007CB15C /* Frameworks */ = {
			isa = PBXFrameworksBuildPhase;
			buildActionMask = 2147483647;
			files = (
			);
			runOnlyForDeploymentPostprocessing = 0;
		};
		17D5EDB62225ED41007CB15C /* Frameworks */ = {
			isa = PBXFrameworksBuildPhase;
			buildActionMask = 2147483647;
			files = (
			);
			runOnlyForDeploymentPostprocessing = 0;
		};
/* End PBXFrameworksBuildPhase section */

/* Begin PBXGroup section */
		17D5ED9C2225ED40007CB15C = {
			isa = PBXGroup;
			children = (
				17D5EDA72225ED40007CB15C /* Size Classes */,
				17D5EDBC2225ED41007CB15C /* Size ClassesTests */,
				17D5EDA62225ED40007CB15C /* Products */,
			);
			sourceTree = "<group>";
		};
		17D5EDA62225ED40007CB15C /* Products */ = {
			isa = PBXGroup;
			children = (
				17D5EDA52225ED40007CB15C /* Size Classes.app */,
				17D5EDB92225ED41007CB15C /* Size ClassesTests.xctest */,
			);
			name = Products;
			sourceTree = "<group>";
		};
		17D5EDA72225ED40007CB15C /* Size Classes */ = {
			isa = PBXGroup;
			children = (
				17D5EDA82225ED40007CB15C /* AppDelegate.swift */,
				17D5EDAA2225ED40007CB15C /* ViewController.swift */,
				17D5EDAC2225ED40007CB15C /* Main.storyboard */,
				17D5EDAF2225ED41007CB15C /* Assets.xcassets */,
				17D5EDB12225ED41007CB15C /* LaunchScreen.storyboard */,
				17D5EDB42225ED41007CB15C /* Info.plist */,
			);
			path = "Size Classes";
			sourceTree = "<group>";
		};
		17D5EDBC2225ED41007CB15C /* Size ClassesTests */ = {
			isa = PBXGroup;
			children = (
				17D5EDBD2225ED41007CB15C /* Size_ClassesTests.swift */,
				17D5EDBF2225ED41007CB15C /* Info.plist */,
			);
			path = "Size ClassesTests";
			sourceTree = "<group>";
		};
/* End PBXGroup section */

/* Begin PBXNativeTarget section */
		17D5EDA42225ED40007CB15C /* Size Classes */ = {
			isa = PBXNativeTarget;
			buildConfigurationList = 17D5EDC22225ED41007CB15C /* Build configuration list for PBXNativeTarget "Size Classes" */;
			buildPhases = (
				17D5EDA12225ED40007CB15C /* Sources */,
				17D5EDA22225ED40007CB15C /* Frameworks */,
				17D5EDA32225ED40007CB15C /* Resources */,
			);
			buildRules = (
			);
			dependencies = (
			);
			name = "Size Classes";
			productName = "Size Classes";
			productReference = 17D5EDA52225ED40007CB15C /* Size Classes.app */;
			productType = "com.apple.product-type.application";
		};
		17D5EDB82225ED41007CB15C /* Size ClassesTests */ = {
			isa = PBXNativeTarget;
			buildConfigurationList = 17D5EDC52225ED41007CB15C /* Build configuration list for PBXNativeTarget "Size ClassesTests" */;
			buildPhases = (
				17D5EDB52225ED41007CB15C /* Sources */,
				17D5EDB62225ED41007CB15C /* Frameworks */,
				17D5EDB72225ED41007CB15C /* Resources */,
			);
			buildRules = (
			);
			dependencies = (
				17D5EDBB2225ED41007CB15C /* PBXTargetDependency */,
			);
			name = "Size ClassesTests";
			productName = "Size ClassesTests";
			productReference = 17D5EDB92225ED41007CB15C /* Size ClassesTests.xctest */;
			productType = "com.apple.product-type.bundle.unit-test";
		};
/* End PBXNativeTarget section */

/* Begin PBXProject section */
		17D5ED9D2225ED40007CB15C /* Project object */ = {
			isa = PBXProject;
			attributes = {
				LastSwiftUpdateCheck = 1010;
				LastUpgradeCheck = 1010;
				ORGANIZATIONNAME = "Matthew Chan";
				TargetAttributes = {
					17D5EDA42225ED40007CB15C = {
						CreatedOnToolsVersion = 10.1;
					};
					17D5EDB82225ED41007CB15C = {
						CreatedOnToolsVersion = 10.1;
						TestTargetID = 17D5EDA42225ED40007CB15C;
					};
				};
			};
			buildConfigurationList = 17D5EDA02225ED40007CB15C /* Build configuration list for PBXProject "Size Classes" */;
			compatibilityVersion = "Xcode 9.3";
			developmentRegion = en;
			hasScannedForEncodings = 0;
			knownRegions = (
				en,
				Base,
			);
			mainGroup = 17D5ED9C2225ED40007CB15C;
			productRefGroup = 17D5EDA62225ED40007CB15C /* Products */;
			projectDirPath = "";
			projectRoot = "";
			targets = (
				17D5EDA42225ED40007CB15C /* Size Classes */,
				17D5EDB82225ED41007CB15C /* Size ClassesTests */,
			);
		};
/* End PBXProject section */

/* Begin PBXResourcesBuildPhase section */
		17D5EDA32225ED40007CB15C /* Resources */ = {
			isa = PBXResourcesBuildPhase;
			buildActionMask = 2147483647;
			files = (
				17D5EDB32225ED41007CB15C /* LaunchScreen.storyboard in Resources */,
				17D5EDB02225ED41007CB15C /* Assets.xcassets in Resources */,
				17D5EDAE2225ED40007CB15C /* Main.storyboard in Resources */,
			);
			runOnlyForDeploymentPostprocessing = 0;
		};
		17D5EDB72225ED41007CB15C /* Resources */ = {
			isa = PBXResourcesBuildPhase;
			buildActionMask = 2147483647;
			files = (
			);
			runOnlyForDeploymentPostprocessing = 0;
		};
/* End PBXResourcesBuildPhase section */

/* Begin PBXSourcesBuildPhase section */
		17D5EDA12225ED40007CB15C /* Sources */ = {
			isa = PBXSourcesBuildPhase;
			buildActionMask = 2147483647;
			files = (
				17D5EDAB2225ED40007CB15C /* ViewController.swift in Sources */,
				17D5EDA92225ED40007CB15C /* AppDelegate.swift in Sources */,
			);
			runOnlyForDeploymentPostprocessing = 0;
		};
		17D5EDB52225ED41007CB15C /* Sources */ = {
			isa = PBXSourcesBuildPhase;
			buildActionMask = 2147483647;
			files = (
				17D5EDBE2225ED41007CB15C /* Size_ClassesTests.swift in Sources */,
			);
			runOnlyForDeploymentPostprocessing = 0;
		};
/* End PBXSourcesBuildPhase section */

/* Begin PBXTargetDependency section */
		17D5EDBB2225ED41007CB15C /* PBXTargetDependency */ = {
			isa = PBXTargetDependency;
			target = 17D5EDA42225ED40007CB15C /* Size Classes */;
			targetProxy = 17D5EDBA2225ED41007CB15C /* PBXContainerItemProxy */;
		};
/* End PBXTargetDependency section */

/* Begin PBXVariantGroup section */
		17D5EDAC2225ED40007CB15C /* Main.storyboard */ = {
			isa = PBXVariantGroup;
			children = (
				17D5EDAD2225ED40007CB15C /* Base */,
			);
			name = Main.storyboard;
			sourceTree = "<group>";
		};
		17D5EDB12225ED41007CB15C /* LaunchScreen.storyboard */ = {
			isa = PBXVariantGroup;
			children = (
				17D5EDB22225ED41007CB15C /* Base */,
			);
			name = LaunchScreen.storyboard;
			sourceTree = "<group>";
		};
/* End PBXVariantGroup section */

/* Begin XCBuildConfiguration section */
		17D5EDC02225ED41007CB15C /* Debug */ = {
			isa = XCBuildConfiguration;
			buildSettings = {
				ALWAYS_SEARCH_USER_PATHS = NO;
				CLANG_ANALYZER_NONNULL = YES;
				CLANG_ANALYZER_NUMBER_OBJECT_CONVERSION = YES_AGGRESSIVE;
				CLANG_CXX_LANGUAGE_STANDARD = "gnu++14";
				CLANG_CXX_LIBRARY = "libc++";
				CLANG_ENABLE_MODULES = YES;
				CLANG_ENABLE_OBJC_ARC = YES;
				CLANG_ENABLE_OBJC_WEAK = YES;
				CLANG_WARN_BLOCK_CAPTURE_AUTORELEASING = YES;
				CLANG_WARN_BOOL_CONVERSION = YES;
				CLANG_WARN_COMMA = YES;
				CLANG_WARN_CONSTANT_CONVERSION = YES;
				CLANG_WARN_DEPRECATED_OBJC_IMPLEMENTATIONS = YES;
				CLANG_WARN_DIRECT_OBJC_ISA_USAGE = YES_ERROR;
				CLANG_WARN_DOCUMENTATION_COMMENTS = YES;
				CLANG_WARN_EMPTY_BODY = YES;
				CLANG_WARN_ENUM_CONVERSION = YES;
				CLANG_WARN_INFINITE_RECURSION = YES;
				CLANG_WARN_INT_CONVERSION = YES;
				CLANG_WARN_NON_LITERAL_NULL_CONVERSION = YES;
				CLANG_WARN_OBJC_IMPLICIT_RETAIN_SELF = YES;
				CLANG_WARN_OBJC_LITERAL_CONVERSION = YES;
				CLANG_WARN_OBJC_ROOT_CLASS = YES_ERROR;
				CLANG_WARN_RANGE_LOOP_ANALYSIS = YES;
				CLANG_WARN_STRICT_PROTOTYPES = YES;
				CLANG_WARN_SUSPICIOUS_MOVE = YES;
				CLANG_WARN_UNGUARDED_AVAILABILITY = YES_AGGRESSIVE;
				CLANG_WARN_UNREACHABLE_CODE = YES;
				CLANG_WARN__DUPLICATE_METHOD_MATCH = YES;
				CODE_SIGN_IDENTITY = "iPhone Developer";
				COPY_PHASE_STRIP = NO;
				DEBUG_INFORMATION_FORMAT = dwarf;
				ENABLE_STRICT_OBJC_MSGSEND = YES;
				ENABLE_TESTABILITY = YES;
				GCC_C_LANGUAGE_STANDARD = gnu11;
				GCC_DYNAMIC_NO_PIC = NO;
				GCC_NO_COMMON_BLOCKS = YES;
				GCC_OPTIMIZATION_LEVEL = 0;
				GCC_PREPROCESSOR_DEFINITIONS = (
					"DEBUG=1",
					"$(inherited)",
				);
				GCC_WARN_64_TO_32_BIT_CONVERSION = YES;
				GCC_WARN_ABOUT_RETURN_TYPE = YES_ERROR;
				GCC_WARN_UNDECLARED_SELECTOR = YES;
				GCC_WARN_UNINITIALIZED_AUTOS = YES_AGGRESSIVE;
				GCC_WARN_UNUSED_FUNCTION = YES;
				GCC_WARN_UNUSED_VARIABLE = YES;
				IPHONEOS_DEPLOYMENT_TARGET = 12.1;
				MTL_ENABLE_DEBUG_INFO = INCLUDE_SOURCE;
				MTL_FAST_MATH = YES;
				ONLY_ACTIVE_ARCH = YES;
				SDKROOT = iphoneos;
				SWIFT_ACTIVE_COMPILATION_CONDITIONS = DEBUG;
				SWIFT_OPTIMIZATION_LEVEL = "-Onone";
			};
			name = Debug;
		};
		17D5EDC12225ED41007CB15C /* Release */ = {
			isa = XCBuildConfiguration;
			buildSettings = {
				ALWAYS_SEARCH_USER_PATHS = NO;
				CLANG_ANALYZER_NONNULL = YES;
				CLANG_ANALYZER_NUMBER_OBJECT_CONVERSION = YES_AGGRESSIVE;
				CLANG_CXX_LANGUAGE_STANDARD = "gnu++14";
				CLANG_CXX_LIBRARY = "libc++";
				CLANG_ENABLE_MODULES = YES;
				CLANG_ENABLE_OBJC_ARC = YES;
				CLANG_ENABLE_OBJC_WEAK = YES;
				CLANG_WARN_BLOCK_CAPTURE_AUTORELEASING = YES;
				CLANG_WARN_BOOL_CONVERSION = YES;
				CLANG_WARN_COMMA = YES;
				CLANG_WARN_CONSTANT_CONVERSION = YES;
				CLANG_WARN_DEPRECATED_OBJC_IMPLEMENTATIONS = YES;
				CLANG_WARN_DIRECT_OBJC_ISA_USAGE = YES_ERROR;
				CLANG_WARN_DOCUMENTATION_COMMENTS = YES;
				CLANG_WARN_EMPTY_BODY = YES;
				CLANG_WARN_ENUM_CONVERSION = YES;
				CLANG_WARN_INFINITE_RECURSION = YES;
				CLANG_WARN_INT_CONVERSION = YES;
				CLANG_WARN_NON_LITERAL_NULL_CONVERSION = YES;
				CLANG_WARN_OBJC_IMPLICIT_RETAIN_SELF = YES;
				CLANG_WARN_OBJC_LITERAL_CONVERSION = YES;
				CLANG_WARN_OBJC_ROOT_CLASS = YES_ERROR;
				CLANG_WARN_RANGE_LOOP_ANALYSIS = YES;
				CLANG_WARN_STRICT_PROTOTYPES = YES;
				CLANG_WARN_SUSPICIOUS_MOVE = YES;
				CLANG_WARN_UNGUARDED_AVAILABILITY = YES_AGGRESSIVE;
				CLANG_WARN_UNREACHABLE_CODE = YES;
				CLANG_WARN__DUPLICATE_METHOD_MATCH = YES;
				CODE_SIGN_IDENTITY = "iPhone Developer";
				COPY_PHASE_STRIP = NO;
				DEBUG_INFORMATION_FORMAT = "dwarf-with-dsym";
				ENABLE_NS_ASSERTIONS = NO;
				ENABLE_STRICT_OBJC_MSGSEND = YES;
				GCC_C_LANGUAGE_STANDARD = gnu11;
				GCC_NO_COMMON_BLOCKS = YES;
				GCC_WARN_64_TO_32_BIT_CONVERSION = YES;
				GCC_WARN_ABOUT_RETURN_TYPE = YES_ERROR;
				GCC_WARN_UNDECLARED_SELECTOR = YES;
				GCC_WARN_UNINITIALIZED_AUTOS = YES_AGGRESSIVE;
				GCC_WARN_UNUSED_FUNCTION = YES;
				GCC_WARN_UNUSED_VARIABLE = YES;
				IPHONEOS_DEPLOYMENT_TARGET = 12.1;
				MTL_ENABLE_DEBUG_INFO = NO;
				MTL_FAST_MATH = YES;
				SDKROOT = iphoneos;
				SWIFT_COMPILATION_MODE = wholemodule;
				SWIFT_OPTIMIZATION_LEVEL = "-O";
				VALIDATE_PRODUCT = YES;
			};
			name = Release;
		};
		17D5EDC32225ED41007CB15C /* Debug */ = {
			isa = XCBuildConfiguration;
			buildSettings = {
				ASSETCATALOG_COMPILER_APPICON_NAME = AppIcon;
				CODE_SIGN_STYLE = Automatic;
				DEVELOPMENT_TEAM = X3GKR9NFG3;
				INFOPLIST_FILE = "Size Classes/Info.plist";
				LD_RUNPATH_SEARCH_PATHS = (
					"$(inherited)",
					"@executable_path/Frameworks",
				);
				PRODUCT_BUNDLE_IDENTIFIER = "com.MatthewChan.Size-Classes";
				PRODUCT_NAME = "$(TARGET_NAME)";
				SWIFT_VERSION = 4.2;
				TARGETED_DEVICE_FAMILY = "1,2";
			};
			name = Debug;
		};
		17D5EDC42225ED41007CB15C /* Release */ = {
			isa = XCBuildConfiguration;
			buildSettings = {
				ASSETCATALOG_COMPILER_APPICON_NAME = AppIcon;
				CODE_SIGN_STYLE = Automatic;
				DEVELOPMENT_TEAM = X3GKR9NFG3;
				INFOPLIST_FILE = "Size Classes/Info.plist";
				LD_RUNPATH_SEARCH_PATHS = (
					"$(inherited)",
					"@executable_path/Frameworks",
				);
				PRODUCT_BUNDLE_IDENTIFIER = "com.MatthewChan.Size-Classes";
				PRODUCT_NAME = "$(TARGET_NAME)";
				SWIFT_VERSION = 4.2;
				TARGETED_DEVICE_FAMILY = "1,2";
			};
			name = Release;
		};
		17D5EDC62225ED41007CB15C /* Debug */ = {
			isa = XCBuildConfiguration;
			buildSettings = {
				ALWAYS_EMBED_SWIFT_STANDARD_LIBRARIES = YES;
				BUNDLE_LOADER = "$(TEST_HOST)";
				CODE_SIGN_STYLE = Automatic;
				DEVELOPMENT_TEAM = X3GKR9NFG3;
				INFOPLIST_FILE = "Size ClassesTests/Info.plist";
				LD_RUNPATH_SEARCH_PATHS = (
					"$(inherited)",
					"@executable_path/Frameworks",
					"@loader_path/Frameworks",
				);
				PRODUCT_BUNDLE_IDENTIFIER = "com.MatthewChan.Size-ClassesTests";
				PRODUCT_NAME = "$(TARGET_NAME)";
				SWIFT_VERSION = 4.2;
				TARGETED_DEVICE_FAMILY = "1,2";
				TEST_HOST = "$(BUILT_PRODUCTS_DIR)/Size Classes.app/Size Classes";
			};
			name = Debug;
		};
		17D5EDC72225ED41007CB15C /* Release */ = {
			isa = XCBuildConfiguration;
			buildSettings = {
				ALWAYS_EMBED_SWIFT_STANDARD_LIBRARIES = YES;
				BUNDLE_LOADER = "$(TEST_HOST)";
				CODE_SIGN_STYLE = Automatic;
				DEVELOPMENT_TEAM = X3GKR9NFG3;
				INFOPLIST_FILE = "Size ClassesTests/Info.plist";
				LD_RUNPATH_SEARCH_PATHS = (
					"$(inherited)",
					"@executable_path/Frameworks",
					"@loader_path/Frameworks",
				);
				PRODUCT_BUNDLE_IDENTIFIER = "com.MatthewChan.Size-ClassesTests";
				PRODUCT_NAME = "$(TARGET_NAME)";
				SWIFT_VERSION = 4.2;
				TARGETED_DEVICE_FAMILY = "1,2";
				TEST_HOST = "$(BUILT_PRODUCTS_DIR)/Size Classes.app/Size Classes";
			};
			name = Release;
		};
/* End XCBuildConfiguration section */

/* Begin XCConfigurationList section */
		17D5EDA02225ED40007CB15C /* Build configuration list for PBXProject "Size Classes" */ = {
			isa = XCConfigurationList;
			buildConfigurations = (
				17D5EDC02225ED41007CB15C /* Debug */,
				17D5EDC12225ED41007CB15C /* Release */,
			);
			defaultConfigurationIsVisible = 0;
			defaultConfigurationName = Release;
		};
		17D5EDC22225ED41007CB15C /* Build configuration list for PBXNativeTarget "Size Classes" */ = {
			isa = XCConfigurationList;
			buildConfigurations = (
				17D5EDC32225ED41007CB15C /* Debug */,
				17D5EDC42225ED41007CB15C /* Release */,
			);
			defaultConfigurationIsVisible = 0;
			defaultConfigurationName = Release;
		};
		17D5EDC52225ED41007CB15C /* Build configuration list for PBXNativeTarget "Size ClassesTests" */ = {
			isa = XCConfigurationList;
			buildConfigurations = (
				17D5EDC62225ED41007CB15C /* Debug */,
				17D5EDC72225ED41007CB15C /* Release */,
			);
			defaultConfigurationIsVisible = 0;
			defaultConfigurationName = Release;
		};
/* End XCConfigurationList section */
	};
	rootObject = 17D5ED9D2225ED40007CB15C /* Project object */;
}
